
Microsoft Visual Studio Solution File, Format Version 12.00
# Visual Studio Version 17
VisualStudioVersion = 17.8.34330.188
MinimumVisualStudioVersion = 10.0.40219.1
Project("{8BC9CEB8-8B4A-11D0-8D11-00A0C91BC942}") = "WASAPI_Streamer", "WASAPI_Streamer\WASAPI_Streamer.vcxproj", "{A9D1BA06-01FB-44D2-BB04-FF4013E3E4D9}"
EndProject
Project("{9A19103F-16F7-4668-BE54-9A1E7A4F7556}") = "Example", "Example\Example.csproj", "{60FD2E72-229C-4217-8B3E-4ECABE2CD047}"
EndProject
Global
	GlobalSection(SolutionConfigurationPlatforms) = preSolution
		Debug|Any CPU = Debug|Any CPU
		Debug|x64 = Debug|x64
		Debug|x86 = Debug|x86
		Release|Any CPU = Release|Any CPU
		Release|x64 = Release|x64
		Release|x86 = Release|x86
	EndGlobalSection
	GlobalSection(ProjectConfigurationPlatforms) = postSolution
		{A9D1BA06-01FB-44D2-BB04-FF4013E3E4D9}.Debug|Any CPU.ActiveCfg = Debug|x64
		{A9D1BA06-01FB-44D2-BB04-FF4013E3E4D9}.Debug|Any CPU.Build.0 = Debug|x64
		{A9D1BA06-01FB-44D2-BB04-FF4013E3E4D9}.Debug|x64.ActiveCfg = Debug|x64
		{A9D1BA06-01FB-44D2-BB04-FF4013E3E4D9}.Debug|x64.Build.0 = Debug|x64
		{A9D1BA06-01FB-44D2-BB04-FF4013E3E4D9}.Debug|x86.ActiveCfg = Debug|Win32
		{A9D1BA06-01FB-44D2-BB04-FF4013E3E4D9}.Debug|x86.Build.0 = Debug|Win32
		{A9D1BA06-01FB-44D2-BB04-FF4013E3E4D9}.Release|Any CPU.ActiveCfg = Release|x64
		{A9D1BA06-01FB-44D2-BB04-FF4013E3E4D9}.Release|Any CPU.Build.0 = Release|x64
		{A9D1BA06-01FB-44D2-BB04-FF4013E3E4D9}.Release|x64.ActiveCfg = Release|x64
		{A9D1BA06-01FB-44D2-BB04-FF4013E3E4D9}.Release|x64.Build.0 = Release|x64
		{A9D1BA06-01FB-44D2-BB04-FF4013E3E4D9}.Release|x86.ActiveCfg = Release|Win32
		{A9D1BA06-01FB-44D2-BB04-FF4013E3E4D9}.Release|x86.Build.0 = Release|Win32
		{60FD2E72-229C-4217-8B3E-4ECABE2CD047}.Debug|Any CPU.ActiveCfg = Debug|Any CPU
		{60FD2E72-229C-4217-8B3E-4ECABE2CD047}.Debug|Any CPU.Build.0 = Debug|Any CPU
		{60FD2E72-229C-4217-8B3E-4ECABE2CD047}.Debug|x64.ActiveCfg = Debug|Any CPU
		{60FD2E72-229C-4217-8B3E-4ECABE2CD047}.Debug|x64.Build.0 = Debug|Any CPU
		{60FD2E72-229C-4217-8B3E-4ECABE2CD047}.Debug|x86.ActiveCfg = Debug|Any CPU
		{60FD2E72-229C-4217-8B3E-4ECABE2CD047}.Debug|x86.Build.0 = Debug|Any CPU
		{60FD2E72-229C-4217-8B3E-4ECABE2CD047}.Release|Any CPU.ActiveCfg = Release|Any CPU
		{60FD2E72-229C-4217-8B3E-4ECABE2CD047}.Release|Any CPU.Build.0 = Release|Any CPU
		{60FD2E72-229C-4217-8B3E-4ECABE2CD047}.Release|x64.ActiveCfg = Release|Any CPU
		{60FD2E72-229C-4217-8B3E-4ECABE2CD047}.Release|x64.Build.0 = Release|Any CPU
		{60FD2E72-229C-4217-8B3E-4ECABE2CD047}.Release|x86.ActiveCfg = Release|Any CPU
		{60FD2E72-229C-4217-8B3E-4ECABE2CD047}.Release|x86.Build.0 = Release|Any CPU
	EndGlobalSection
	GlobalSection(SolutionProperties) = preSolution
		HideSolutionNode = FALSE
	EndGlobalSection
	GlobalSection(ExtensibilityGlobals) = postSolution
		SolutionGuid = {4852FE7E-9A59-4B67-A692-861058B7EFA4}
	EndGlobalSection
EndGlobal
